{
  "name": "reactPortfolio",
  "version": "1.0.0",
  "lockfileVersion": 1,
  "requires": true,
  "dependencies": {
    "mern-template": {
      "version": "1.0.7",
      "resolved": "https://registry.npmjs.org/mern-template/-/mern-template-1.0.7.tgz",
      "integrity": "sha512-34iuUGnbNu52jTV1AiG4PGHGkfd8E4ce88pcdLHqq43FIzyJbpI7o0qVfF4Qy5wmIRg1H9J+497YTxbSu1zzfw=="
    }
  }
}
